
Microsoft Visual Studio Solution File, Format Version 12.00
# Visual Studio 15
VisualStudioVersion = 15.0.28307.168
MinimumVisualStudioVersion = 10.0.40219.1
Project("{F184B08F-C81C-45F6-A57F-5ABD9991F28F}") = "Triage Boss", "Triage Boss\Triage Boss.vbproj", "{86347BD6-A7E2-44EB-B237-57D961488641}"
EndProject
Global
	GlobalSection(SolutionConfigurationPlatforms) = preSolution
		Debug|Any CPU = Debug|Any CPU
		Release|Any CPU = Release|Any CPU
	EndGlobalSection
	GlobalSection(ProjectConfigurationPlatforms) = postSolution
		{86347BD6-A7E2-44EB-B237-57D961488641}.Debug|Any CPU.ActiveCfg = Debug|Any CPU
		{86347BD6-A7E2-44EB-B237-57D961488641}.Debug|Any CPU.Build.0 = Debug|Any CPU
		{86347BD6-A7E2-44EB-B237-57D961488641}.Release|Any CPU.ActiveCfg = Release|Any CPU
		{86347BD6-A7E2-44EB-B237-57D961488641}.Release|Any CPU.Build.0 = Release|Any CPU
	EndGlobalSection
	GlobalSection(SolutionProperties) = preSolution
		HideSolutionNode = FALSE
	EndGlobalSection
	GlobalSection(ExtensibilityGlobals) = postSolution
		SolutionGuid = {832420E6-2F08-4A24-82D7-1EDDCA180761}
	EndGlobalSection
EndGlobal
